
Microsoft Visual Studio Solution File, Format Version 12.00
# Visual Studio 14
VisualStudioVersion = 14.0.23107.0
MinimumVisualStudioVersion = 10.0.40219.1
Project("{8BC9CEB8-8B4A-11D0-8D11-00A0C91BC942}") = "Day02", "Day02\Day02.vcxproj", "{FE81A7F2-EB9C-4722-8DDE-2AD1B1787864}"
EndProject
Project("{8BC9CEB8-8B4A-11D0-8D11-00A0C91BC942}") = "Day01", "Dav01\Day01.vcxproj", "{B73CBB9F-8252-40C0-97CF-765D80B7EB01}"
EndProject
Project("{8BC9CEB8-8B4A-11D0-8D11-00A0C91BC942}") = "Day03", "Day03\Day03.vcxproj", "{277AE2F3-224C-4458-B948-9BF3D0AE1C48}"
EndProject
Project("{8BC9CEB8-8B4A-11D0-8D11-00A0C91BC942}") = "Day04", "Day04\Day04.vcxproj", "{DB37DF12-BB07-4507-84BF-2279F673FDF4}"
EndProject
Project("{8BC9CEB8-8B4A-11D0-8D11-00A0C91BC942}") = "Day05", "Day05\Day05.vcxproj", "{7465F9B6-D81B-42A5-9B8A-05263460DF3E}"
EndProject
Project("{8BC9CEB8-8B4A-11D0-8D11-00A0C91BC942}") = "Day06", "Day06\Day06.vcxproj", "{5436DFD1-B363-4898-AFFC-14DCDAF67C06}"
EndProject
Project("{8BC9CEB8-8B4A-11D0-8D11-00A0C91BC942}") = "Day07", "Day07\Day07.vcxproj", "{CE2ABCFC-4D3A-4232-A210-8C7A0A6CDF4E}"
EndProject
Project("{8BC9CEB8-8B4A-11D0-8D11-00A0C91BC942}") = "Day08", "Day08\Day08.vcxproj", "{807BD146-3591-45C0-9488-B9FEC0CAB9DC}"
EndProject
Project("{8BC9CEB8-8B4A-11D0-8D11-00A0C91BC942}") = "Day09", "Day09\Day09.vcxproj", "{54E20643-7D9C-42F3-A32C-06A65BDE7F73}"
EndProject
Project("{8BC9CEB8-8B4A-11D0-8D11-00A0C91BC942}") = "Day10", "Day10\Day10.vcxproj", "{637AD622-E982-419F-88B0-419C3A7A3927}"
EndProject
Project("{8BC9CEB8-8B4A-11D0-8D11-00A0C91BC942}") = "Day11", "Day11\Day11.vcxproj", "{EC5AC6D3-399E-48B2-9CF0-D4369BC2A1CC}"
EndProject
Project("{8BC9CEB8-8B4A-11D0-8D11-00A0C91BC942}") = "Day12", "Day12\Day12.vcxproj", "{38CB195E-5AAD-44E3-A6A7-7B7825DEAF0D}"
EndProject
Project("{8BC9CEB8-8B4A-11D0-8D11-00A0C91BC942}") = "Day13", "Day13\Day13.vcxproj", "{7003D95E-05CD-45D5-B59C-C8F6088FFAF6}"
EndProject
Project("{8BC9CEB8-8B4A-11D0-8D11-00A0C91BC942}") = "Day14", "Day14\Day14.vcxproj", "{D7C95939-EF44-4098-B4EA-3816EE599B2B}"
EndProject
Global
	GlobalSection(SolutionConfigurationPlatforms) = preSolution
		Debug|x64 = Debug|x64
		Debug|x86 = Debug|x86
		Release|x64 = Release|x64
		Release|x86 = Release|x86
	EndGlobalSection
	GlobalSection(ProjectConfigurationPlatforms) = postSolution
		{FE81A7F2-EB9C-4722-8DDE-2AD1B1787864}.Debug|x64.ActiveCfg = Debug|x64
		{FE81A7F2-EB9C-4722-8DDE-2AD1B1787864}.Debug|x64.Build.0 = Debug|x64
		{FE81A7F2-EB9C-4722-8DDE-2AD1B1787864}.Debug|x86.ActiveCfg = Debug|Win32
		{FE81A7F2-EB9C-4722-8DDE-2AD1B1787864}.Debug|x86.Build.0 = Debug|Win32
		{FE81A7F2-EB9C-4722-8DDE-2AD1B1787864}.Release|x64.ActiveCfg = Release|x64
		{FE81A7F2-EB9C-4722-8DDE-2AD1B1787864}.Release|x64.Build.0 = Release|x64
		{FE81A7F2-EB9C-4722-8DDE-2AD1B1787864}.Release|x86.ActiveCfg = Release|Win32
		{FE81A7F2-EB9C-4722-8DDE-2AD1B1787864}.Release|x86.Build.0 = Release|Win32
		{B73CBB9F-8252-40C0-97CF-765D80B7EB01}.Debug|x64.ActiveCfg = Debug|x64
		{B73CBB9F-8252-40C0-97CF-765D80B7EB01}.Debug|x64.Build.0 = Debug|x64
		{B73CBB9F-8252-40C0-97CF-765D80B7EB01}.Debug|x86.ActiveCfg = Debug|Win32
		{B73CBB9F-8252-40C0-97CF-765D80B7EB01}.Debug|x86.Build.0 = Debug|Win32
		{B73CBB9F-8252-40C0-97CF-765D80B7EB01}.Release|x64.ActiveCfg = Release|x64
		{B73CBB9F-8252-40C0-97CF-765D80B7EB01}.Release|x64.Build.0 = Release|x64
		{B73CBB9F-8252-40C0-97CF-765D80B7EB01}.Release|x86.ActiveCfg = Release|Win32
		{B73CBB9F-8252-40C0-97CF-765D80B7EB01}.Release|x86.Build.0 = Release|Win32
		{277AE2F3-224C-4458-B948-9BF3D0AE1C48}.Debug|x64.ActiveCfg = Debug|x64
		{277AE2F3-224C-4458-B948-9BF3D0AE1C48}.Debug|x64.Build.0 = Debug|x64
		{277AE2F3-224C-4458-B948-9BF3D0AE1C48}.Debug|x86.ActiveCfg = Debug|Win32
		{277AE2F3-224C-4458-B948-9BF3D0AE1C48}.Debug|x86.Build.0 = Debug|Win32
		{277AE2F3-224C-4458-B948-9BF3D0AE1C48}.Release|x64.ActiveCfg = Release|x64
		{277AE2F3-224C-4458-B948-9BF3D0AE1C48}.Release|x64.Build.0 = Release|x64
		{277AE2F3-224C-4458-B948-9BF3D0AE1C48}.Release|x86.ActiveCfg = Release|Win32
		{277AE2F3-224C-4458-B948-9BF3D0AE1C48}.Release|x86.Build.0 = Release|Win32
		{DB37DF12-BB07-4507-84BF-2279F673FDF4}.Debug|x64.ActiveCfg = Debug|x64
		{DB37DF12-BB07-4507-84BF-2279F673FDF4}.Debug|x64.Build.0 = Debug|x64
		{DB37DF12-BB07-4507-84BF-2279F673FDF4}.Debug|x86.ActiveCfg = Debug|Win32
		{DB37DF12-BB07-4507-84BF-2279F673FDF4}.Debug|x86.Build.0 = Debug|Win32
		{DB37DF12-BB07-4507-84BF-2279F673FDF4}.Release|x64.ActiveCfg = Release|x64
		{DB37DF12-BB07-4507-84BF-2279F673FDF4}.Release|x64.Build.0 = Release|x64
		{DB37DF12-BB07-4507-84BF-2279F673FDF4}.Release|x86.ActiveCfg = Release|Win32
		{DB37DF12-BB07-4507-84BF-2279F673FDF4}.Release|x86.Build.0 = Release|Win32
		{7465F9B6-D81B-42A5-9B8A-05263460DF3E}.Debug|x64.ActiveCfg = Debug|x64
		{7465F9B6-D81B-42A5-9B8A-05263460DF3E}.Debug|x64.Build.0 = Debug|x64
		{7465F9B6-D81B-42A5-9B8A-05263460DF3E}.Debug|x86.ActiveCfg = Debug|Win32
		{7465F9B6-D81B-42A5-9B8A-05263460DF3E}.Debug|x86.Build.0 = Debug|Win32
		{7465F9B6-D81B-42A5-9B8A-05263460DF3E}.Release|x64.ActiveCfg = Release|x64
		{7465F9B6-D81B-42A5-9B8A-05263460DF3E}.Release|x64.Build.0 = Release|x64
		{7465F9B6-D81B-42A5-9B8A-05263460DF3E}.Release|x86.ActiveCfg = Release|Win32
		{7465F9B6-D81B-42A5-9B8A-05263460DF3E}.Release|x86.Build.0 = Release|Win32
		{5436DFD1-B363-4898-AFFC-14DCDAF67C06}.Debug|x64.ActiveCfg = Debug|x64
		{5436DFD1-B363-4898-AFFC-14DCDAF67C06}.Debug|x64.Build.0 = Debug|x64
		{5436DFD1-B363-4898-AFFC-14DCDAF67C06}.Debug|x86.ActiveCfg = Debug|Win32
		{5436DFD1-B363-4898-AFFC-14DCDAF67C06}.Debug|x86.Build.0 = Debug|Win32
		{5436DFD1-B363-4898-AFFC-14DCDAF67C06}.Release|x64.ActiveCfg = Release|x64
		{5436DFD1-B363-4898-AFFC-14DCDAF67C06}.Release|x64.Build.0 = Release|x64
		{5436DFD1-B363-4898-AFFC-14DCDAF67C06}.Release|x86.ActiveCfg = Release|Win32
		{5436DFD1-B363-4898-AFFC-14DCDAF67C06}.Release|x86.Build.0 = Release|Win32
		{CE2ABCFC-4D3A-4232-A210-8C7A0A6CDF4E}.Debug|x64.ActiveCfg = Debug|x64
		{CE2ABCFC-4D3A-4232-A210-8C7A0A6CDF4E}.Debug|x64.Build.0 = Debug|x64
		{CE2ABCFC-4D3A-4232-A210-8C7A0A6CDF4E}.Debug|x86.ActiveCfg = Debug|Win32
		{CE2ABCFC-4D3A-4232-A210-8C7A0A6CDF4E}.Debug|x86.Build.0 = Debug|Win32
		{CE2ABCFC-4D3A-4232-A210-8C7A0A6CDF4E}.Release|x64.ActiveCfg = Release|x64
		{CE2ABCFC-4D3A-4232-A210-8C7A0A6CDF4E}.Release|x64.Build.0 = Release|x64
		{CE2ABCFC-4D3A-4232-A210-8C7A0A6CDF4E}.Release|x86.ActiveCfg = Release|Win32
		{CE2ABCFC-4D3A-4232-A210-8C7A0A6CDF4E}.Release|x86.Build.0 = Release|Win32
		{807BD146-3591-45C0-9488-B9FEC0CAB9DC}.Debug|x64.ActiveCfg = Debug|x64
		{807BD146-3591-45C0-9488-B9FEC0CAB9DC}.Debug|x64.Build.0 = Debug|x64
		{807BD146-3591-45C0-9488-B9FEC0CAB9DC}.Debug|x86.ActiveCfg = Debug|Win32
		{807BD146-3591-45C0-9488-B9FEC0CAB9DC}.Debug|x86.Build.0 = Debug|Win32
		{807BD146-3591-45C0-9488-B9FEC0CAB9DC}.Release|x64.ActiveCfg = Release|x64
		{807BD146-3591-45C0-9488-B9FEC0CAB9DC}.Release|x64.Build.0 = Release|x64
		{807BD146-3591-45C0-9488-B9FEC0CAB9DC}.Release|x86.ActiveCfg = Release|Win32
		{807BD146-3591-45C0-9488-B9FEC0CAB9DC}.Release|x86.Build.0 = Release|Win32
		{54E20643-7D9C-42F3-A32C-06A65BDE7F73}.Debug|x64.ActiveCfg = Debug|x64
		{54E20643-7D9C-42F3-A32C-06A65BDE7F73}.Debug|x64.Build.0 = Debug|x64
		{54E20643-7D9C-42F3-A32C-06A65BDE7F73}.Debug|x86.ActiveCfg = Debug|Win32
		{54E20643-7D9C-42F3-A32C-06A65BDE7F73}.Debug|x86.Build.0 = Debug|Win32
		{54E20643-7D9C-42F3-A32C-06A65BDE7F73}.Release|x64.ActiveCfg = Release|x64
		{54E20643-7D9C-42F3-A32C-06A65BDE7F73}.Release|x64.Build.0 = Release|x64
		{54E20643-7D9C-42F3-A32C-06A65BDE7F73}.Release|x86.ActiveCfg = Release|Win32
		{54E20643-7D9C-42F3-A32C-06A65BDE7F73}.Release|x86.Build.0 = Release|Win32
		{637AD622-E982-419F-88B0-419C3A7A3927}.Debug|x64.ActiveCfg = Debug|x64
		{637AD622-E982-419F-88B0-419C3A7A3927}.Debug|x64.Build.0 = Debug|x64
		{637AD622-E982-419F-88B0-419C3A7A3927}.Debug|x86.ActiveCfg = Debug|Win32
		{637AD622-E982-419F-88B0-419C3A7A3927}.Debug|x86.Build.0 = Debug|Win32
		{637AD622-E982-419F-88B0-419C3A7A3927}.Release|x64.ActiveCfg = Release|x64
		{637AD622-E982-419F-88B0-419C3A7A3927}.Release|x64.Build.0 = Release|x64
		{637AD622-E982-419F-88B0-419C3A7A3927}.Release|x86.ActiveCfg = Release|Win32
		{637AD622-E982-419F-88B0-419C3A7A3927}.Release|x86.Build.0 = Release|Win32
		{EC5AC6D3-399E-48B2-9CF0-D4369BC2A1CC}.Debug|x64.ActiveCfg = Debug|x64
		{EC5AC6D3-399E-48B2-9CF0-D4369BC2A1CC}.Debug|x64.Build.0 = Debug|x64
		{EC5AC6D3-399E-48B2-9CF0-D4369BC2A1CC}.Debug|x86.ActiveCfg = Debug|Win32
		{EC5AC6D3-399E-48B2-9CF0-D4369BC2A1CC}.Debug|x86.Build.0 = Debug|Win32
		{EC5AC6D3-399E-48B2-9CF0-D4369BC2A1CC}.Release|x64.ActiveCfg = Release|x64
		{EC5AC6D3-399E-48B2-9CF0-D4369BC2A1CC}.Release|x64.Build.0 = Release|x64
		{EC5AC6D3-399E-48B2-9CF0-D4369BC2A1CC}.Release|x86.ActiveCfg = Release|Win32
		{EC5AC6D3-399E-48B2-9CF0-D4369BC2A1CC}.Release|x86.Build.0 = Release|Win32
		{38CB195E-5AAD-44E3-A6A7-7B7825DEAF0D}.Debug|x64.ActiveCfg = Debug|x64
		{38CB195E-5AAD-44E3-A6A7-7B7825DEAF0D}.Debug|x64.Build.0 = Debug|x64
		{38CB195E-5AAD-44E3-A6A7-7B7825DEAF0D}.Debug|x86.ActiveCfg = Debug|Win32
		{38CB195E-5AAD-44E3-A6A7-7B7825DEAF0D}.Debug|x86.Build.0 = Debug|Win32
		{38CB195E-5AAD-44E3-A6A7-7B7825DEAF0D}.Release|x64.ActiveCfg = Release|x64
		{38CB195E-5AAD-44E3-A6A7-7B7825DEAF0D}.Release|x64.Build.0 = Release|x64
		{38CB195E-5AAD-44E3-A6A7-7B7825DEAF0D}.Release|x86.ActiveCfg = Release|Win32
		{38CB195E-5AAD-44E3-A6A7-7B7825DEAF0D}.Release|x86.Build.0 = Release|Win32
		{7003D95E-05CD-45D5-B59C-C8F6088FFAF6}.Debug|x64.ActiveCfg = Debug|x64
		{7003D95E-05CD-45D5-B59C-C8F6088FFAF6}.Debug|x64.Build.0 = Debug|x64
		{7003D95E-05CD-45D5-B59C-C8F6088FFAF6}.Debug|x86.ActiveCfg = Debug|Win32
		{7003D95E-05CD-45D5-B59C-C8F6088FFAF6}.Debug|x86.Build.0 = Debug|Win32
		{7003D95E-05CD-45D5-B59C-C8F6088FFAF6}.Release|x64.ActiveCfg = Release|x64
		{7003D95E-05CD-45D5-B59C-C8F6088FFAF6}.Release|x64.Build.0 = Release|x64
		{7003D95E-05CD-45D5-B59C-C8F6088FFAF6}.Release|x86.ActiveCfg = Release|Win32
		{7003D95E-05CD-45D5-B59C-C8F6088FFAF6}.Release|x86.Build.0 = Release|Win32
		{D7C95939-EF44-4098-B4EA-3816EE599B2B}.Debug|x64.ActiveCfg = Debug|x64
		{D7C95939-EF44-4098-B4EA-3816EE599B2B}.Debug|x64.Build.0 = Debug|x64
		{D7C95939-EF44-4098-B4EA-3816EE599B2B}.Debug|x86.ActiveCfg = Debug|Win32
		{D7C95939-EF44-4098-B4EA-3816EE599B2B}.Debug|x86.Build.0 = Debug|Win32
		{D7C95939-EF44-4098-B4EA-3816EE599B2B}.Release|x64.ActiveCfg = Release|x64
		{D7C95939-EF44-4098-B4EA-3816EE599B2B}.Release|x64.Build.0 = Release|x64
		{D7C95939-EF44-4098-B4EA-3816EE599B2B}.Release|x86.ActiveCfg = Release|Win32
		{D7C95939-EF44-4098-B4EA-3816EE599B2B}.Release|x86.Build.0 = Release|Win32
	EndGlobalSection
	GlobalSection(SolutionProperties) = preSolution
		HideSolutionNode = FALSE
	EndGlobalSection
EndGlobal
